
Microsoft Visual Studio Solution File, Format Version 12.00
# Visual Studio Version 17
VisualStudioVersion = 17.0.32112.339
MinimumVisualStudioVersion = 10.0.40219.1
Project("{FAE04EC0-301F-11D3-BF4B-00C04F79EFBC}") = "EmpleadosApi", "EmpleadosApi.csproj", "{590434AD-6581-4188-9D8F-9C6E6CF0B1DD}"
EndProject
Project("{FAE04EC0-301F-11D3-BF4B-00C04F79EFBC}") = "EmpleadosDomain", "..\EmpleadosDomain\EmpleadosDomain.csproj", "{DF1C3217-2746-4580-A3E5-ED309DA599AE}"
EndProject
Global
	GlobalSection(SolutionConfigurationPlatforms) = preSolution
		Debug|Any CPU = Debug|Any CPU
		Release|Any CPU = Release|Any CPU
	EndGlobalSection
	GlobalSection(ProjectConfigurationPlatforms) = postSolution
		{590434AD-6581-4188-9D8F-9C6E6CF0B1DD}.Debug|Any CPU.ActiveCfg = Debug|Any CPU
		{590434AD-6581-4188-9D8F-9C6E6CF0B1DD}.Debug|Any CPU.Build.0 = Debug|Any CPU
		{590434AD-6581-4188-9D8F-9C6E6CF0B1DD}.Release|Any CPU.ActiveCfg = Release|Any CPU
		{590434AD-6581-4188-9D8F-9C6E6CF0B1DD}.Release|Any CPU.Build.0 = Release|Any CPU
		{DF1C3217-2746-4580-A3E5-ED309DA599AE}.Debug|Any CPU.ActiveCfg = Debug|Any CPU
		{DF1C3217-2746-4580-A3E5-ED309DA599AE}.Debug|Any CPU.Build.0 = Debug|Any CPU
		{DF1C3217-2746-4580-A3E5-ED309DA599AE}.Release|Any CPU.ActiveCfg = Release|Any CPU
		{DF1C3217-2746-4580-A3E5-ED309DA599AE}.Release|Any CPU.Build.0 = Release|Any CPU
	EndGlobalSection
	GlobalSection(SolutionProperties) = preSolution
		HideSolutionNode = FALSE
	EndGlobalSection
	GlobalSection(ExtensibilityGlobals) = postSolution
		SolutionGuid = {917CF02D-273E-4DE4-B065-99B5C039BEC8}
	EndGlobalSection
EndGlobal
